
Microsoft Visual Studio Solution File, Format Version 12.00
# Visual Studio 15
VisualStudioVersion = 15.0.27130.2003
MinimumVisualStudioVersion = 10.0.40219.1
Project("{FAE04EC0-301F-11D3-BF4B-00C04F79EFBC}") = "ShapingUpWithAngular.js", "ShapingUpWithAngular.js\ShapingUpWithAngular.js.csproj", "{375310D7-E140-412B-8691-A638AE24B30C}"
EndProject
Global
	GlobalSection(SolutionConfigurationPlatforms) = preSolution
		Debug|Any CPU = Debug|Any CPU
		Release|Any CPU = Release|Any CPU
	EndGlobalSection
	GlobalSection(ProjectConfigurationPlatforms) = postSolution
		{375310D7-E140-412B-8691-A638AE24B30C}.Debug|Any CPU.ActiveCfg = Debug|Any CPU
		{375310D7-E140-412B-8691-A638AE24B30C}.Debug|Any CPU.Build.0 = Debug|Any CPU
		{375310D7-E140-412B-8691-A638AE24B30C}.Release|Any CPU.ActiveCfg = Release|Any CPU
		{375310D7-E140-412B-8691-A638AE24B30C}.Release|Any CPU.Build.0 = Release|Any CPU
	EndGlobalSection
	GlobalSection(SolutionProperties) = preSolution
		HideSolutionNode = FALSE
	EndGlobalSection
	GlobalSection(ExtensibilityGlobals) = postSolution
		SolutionGuid = {52F569F2-0AAF-4F3F-991D-EA6E1D7E0334}
	EndGlobalSection
EndGlobal
